# This file is generated by running "yarn install" inside your project.
# Manual changes might be lost - proceed with caution!

__metadata:
  version: 5
  cacheKey: 8

"@babel/polyfill@npm:^7.2.5":
  version: 7.12.1
  resolution: "@babel/polyfill@npm:7.12.1"
  dependencies:
    core-js: ^2.6.5
    regenerator-runtime: ^0.13.4
  checksum: 3f59a9d85a41b390b044a1be13e11ae6d8efbfcf4e07217964585c7cef337b828eecfc5e164083227189146d2b6efc1affae8f59c831438eb40b848ab6fe5f39
  languageName: node
  linkType: hard

"@octokit/auth-token@npm:^2.4.0":
  version: 2.5.0
  resolution: "@octokit/auth-token@npm:2.5.0"
  dependencies:
    "@octokit/types": ^6.0.3
  checksum: 45949296c09abcd6beb4c3f69d45b0c1f265f9581d2a9683cf4d1800c4cf8259c2f58d58e44c16c20bffb85a0282a176c0d51f4af300e428b863f27b910e6297
  languageName: node
  linkType: hard

"@octokit/endpoint@npm:^6.0.1":
  version: 6.0.12
  resolution: "@octokit/endpoint@npm:6.0.12"
  dependencies:
    "@octokit/types": ^6.0.3
    is-plain-object: ^5.0.0
    universal-user-agent: ^6.0.0
  checksum: b48b29940af11c4b9bca41cf56809754bb8385d4e3a6122671799d27f0238ba575b3fde86d2d30a84f4dbbc14430940de821e56ecc6a9a92d47fc2b29a31479d
  languageName: node
  linkType: hard

"@octokit/openapi-types@npm:^11.2.0":
  version: 11.2.0
  resolution: "@octokit/openapi-types@npm:11.2.0"
  checksum: eb373ea496bc96bf0233505a0916eb38cb193d1829cab935e1cf1fd21839c402a1d835d3c0326290c756c0ed980a64d0ae73ad3c5d5decde9000f0828aa7ff52
  languageName: node
  linkType: hard

"@octokit/plugin-paginate-rest@npm:^1.1.1":
  version: 1.1.2
  resolution: "@octokit/plugin-paginate-rest@npm:1.1.2"
  dependencies:
    "@octokit/types": ^2.0.1
  checksum: f04f5ca282f4674fecfcc12b12516dd7bf4b15283923c9855b352e4ef982c109c9870bda3baedfbcee50bf03e05d1d15e16649cbe4aa287bea0650f7c4380451
  languageName: node
  linkType: hard

"@octokit/plugin-request-log@npm:^1.0.0":
  version: 1.0.4
  resolution: "@octokit/plugin-request-log@npm:1.0.4"
  peerDependencies:
    "@octokit/core": ">=3"
  checksum: 2086db00056aee0f8ebd79797b5b57149ae1014e757ea08985b71eec8c3d85dbb54533f4fd34b6b9ecaa760904ae6a7536be27d71e50a3782ab47809094bfc0c
  languageName: node
  linkType: hard

"@octokit/plugin-rest-endpoint-methods@npm:2.4.0":
  version: 2.4.0
  resolution: "@octokit/plugin-rest-endpoint-methods@npm:2.4.0"
  dependencies:
    "@octokit/types": ^2.0.1
    deprecation: ^2.3.1
  checksum: c7e89b6cdd3a5d07fd57fb8897c372fd563e487ff3ccd67eda8df5c66c7927791dc3081f7b11366d0b45424cc7b73d54dd39ba40d7d3e1f48709482bdd64bf6e
  languageName: node
  linkType: hard

"@octokit/request-error@npm:^1.0.2":
  version: 1.2.1
  resolution: "@octokit/request-error@npm:1.2.1"
  dependencies:
    "@octokit/types": ^2.0.0
    deprecation: ^2.0.0
    once: ^1.4.0
  checksum: 4dee522a0a99ad39cbd6d290ba7199b2d5abf089cfea77ef8feba3152228230c9844b54d06d7b4944a11a72d976efb006671df3eae6917039f83d8e2a7b46796
  languageName: node
  linkType: hard

"@octokit/request-error@npm:^2.1.0":
  version: 2.1.0
  resolution: "@octokit/request-error@npm:2.1.0"
  dependencies:
    "@octokit/types": ^6.0.3
    deprecation: ^2.0.0
    once: ^1.4.0
  checksum: baec2b5700498be01b4d958f9472cb776b3f3b0ea52924323a07e7a88572e24cac2cdf7eb04a0614031ba346043558b47bea2d346e98f0e8385b4261f138ef18
  languageName: node
  linkType: hard

"@octokit/request@npm:^5.2.0":
  version: 5.6.2
  resolution: "@octokit/request@npm:5.6.2"
  dependencies:
    "@octokit/endpoint": ^6.0.1
    "@octokit/request-error": ^2.1.0
    "@octokit/types": ^6.16.1
    is-plain-object: ^5.0.0
    node-fetch: ^2.6.1
    universal-user-agent: ^6.0.0
  checksum: 51ef3ad244b3d89ffd6d997fa0ed3e13a7a93b4c868ce5c53b0fcc93a654965135528e62d0720ebfeb7dfd586448a4a45d08fd75ba2e170cfa19d37834e49f1f
  languageName: node
  linkType: hard

"@octokit/rest@npm:^16.43.1":
  version: 16.43.2
  resolution: "@octokit/rest@npm:16.43.2"
  dependencies:
    "@octokit/auth-token": ^2.4.0
    "@octokit/plugin-paginate-rest": ^1.1.1
    "@octokit/plugin-request-log": ^1.0.0
    "@octokit/plugin-rest-endpoint-methods": 2.4.0
    "@octokit/request": ^5.2.0
    "@octokit/request-error": ^1.0.2
    atob-lite: ^2.0.0
    before-after-hook: ^2.0.0
    btoa-lite: ^1.0.0
    deprecation: ^2.0.0
    lodash.get: ^4.4.2
    lodash.set: ^4.3.2
    lodash.uniq: ^4.5.0
    octokit-pagination-methods: ^1.1.0
    once: ^1.4.0
    universal-user-agent: ^4.0.0
  checksum: 6edebd538729c531912aa8d73fc28469c9431b6a094f39b99b2cd7c92f77b77b86405786bc0ad348f3f18cebba7cae059772f01a0835c7c1e99b4a53ac904a20
  languageName: node
  linkType: hard

"@octokit/types@npm:^2.0.0, @octokit/types@npm:^2.0.1":
  version: 2.16.2
  resolution: "@octokit/types@npm:2.16.2"
  dependencies:
    "@types/node": ">= 8"
  checksum: 2743685ae29d0cad4d8bdf1d0ff3f711e25f60d598b0bbad4717c674dfb29a2b18a5586c41323fffef1b7461b19276b7e732b3e6c2248795e58fb918b432dbca
  languageName: node
  linkType: hard

"@octokit/types@npm:^6.0.3, @octokit/types@npm:^6.16.1":
  version: 6.34.0
  resolution: "@octokit/types@npm:6.34.0"
  dependencies:
    "@octokit/openapi-types": ^11.2.0
  checksum: f122b9aee8f6baddd515e34a0913e73b21d4bc82d6ee59d77a8aaf01b4a02c10867dd013003d087a83dc96db23511893669015af6d30c27cece185e21cf1df89
  languageName: node
  linkType: hard

"@types/node@npm:>= 8":
  version: 17.0.8
  resolution: "@types/node@npm:17.0.8"
  checksum: f4cadeb9e602027520abc88c77142697e33cf6ac98bb02f8b595a398603cbd33df1f94d01c055c9f13cde0c8eaafc5e396ca72645458d42b4318b845bc7f1d0f
  languageName: node
  linkType: hard

"ShellExec@workspace:.":
  version: 0.0.0-use.local
  resolution: "ShellExec@workspace:."
  dependencies:
    danger: ^10.7.1
  languageName: unknown
  linkType: soft

"abort-controller@npm:^3.0.0":
  version: 3.0.0
  resolution: "abort-controller@npm:3.0.0"
  dependencies:
    event-target-shim: ^5.0.0
  checksum: 170bdba9b47b7e65906a28c8ce4f38a7a369d78e2271706f020849c1bfe0ee2067d4261df8bbb66eb84f79208fd5b710df759d64191db58cfba7ce8ef9c54b75
  languageName: node
  linkType: hard

"agent-base@npm:4, agent-base@npm:^4.3.0":
  version: 4.3.0
  resolution: "agent-base@npm:4.3.0"
  dependencies:
    es6-promisify: ^5.0.0
  checksum: 0c10891060e579c67efafd6b62223666c4b4129b521eac3e9ad272a137545bcedb54ce352273b7ad21a0024060e4f1360ae9a465ac87e2af18883c937d39979f
  languageName: node
  linkType: hard

"ansi-styles@npm:^3.2.1":
  version: 3.2.1
  resolution: "ansi-styles@npm:3.2.1"
  dependencies:
    color-convert: ^1.9.0
  checksum: d85ade01c10e5dd77b6c89f34ed7531da5830d2cb5882c645f330079975b716438cd7ebb81d0d6e6b4f9c577f19ae41ab55f07f19786b02f9dfd9e0377395665
  languageName: node
  linkType: hard

"async-retry@npm:1.2.3":
  version: 1.2.3
  resolution: "async-retry@npm:1.2.3"
  dependencies:
    retry: 0.12.0
  checksum: 9132060566def3a7f4b356b051f0a923dc15036178a568aaf5ed06274c10d2eacd69f816b11fc6112d1628279f61d4afbe0ebcb32b33ecdd87bdcfc17bae3cf2
  languageName: node
  linkType: hard

"asynckit@npm:^0.4.0":
  version: 0.4.0
  resolution: "asynckit@npm:0.4.0"
  checksum: 7b78c451df768adba04e2d02e63e2d0bf3b07adcd6e42b4cf665cb7ce899bedd344c69a1dcbce355b5f972d597b25aaa1c1742b52cffd9caccb22f348114f6be
  languageName: node
  linkType: hard

"atob-lite@npm:^2.0.0":
  version: 2.0.0
  resolution: "atob-lite@npm:2.0.0"
  checksum: 336880fdca40a9f328b9c14781f907ee6e967a4eeca5bdf1926cbb7a9132ff3d9231a0e056b88f2a9ee26affdcdf5886accc6d8e1014cfc50aad48a52112a0f1
  languageName: node
  linkType: hard

"before-after-hook@npm:^2.0.0":
  version: 2.2.2
  resolution: "before-after-hook@npm:2.2.2"
  checksum: dc2e1ffe389e5afbef2a46790b1b5a50247ed57aba67649cfa9ec2552d248cc9278f222e72fb5a8ff59bbb39d78fbaa97e7234ead0c6b5e8418b67a8644ce207
  languageName: node
  linkType: hard

"braces@npm:^3.0.1":
  version: 3.0.2
  resolution: "braces@npm:3.0.2"
  dependencies:
    fill-range: ^7.0.1
  checksum: e2a8e769a863f3d4ee887b5fe21f63193a891c68b612ddb4b68d82d1b5f3ff9073af066c343e9867a393fe4c2555dcb33e89b937195feb9c1613d259edfcd459
  languageName: node
  linkType: hard

"btoa-lite@npm:^1.0.0":
  version: 1.0.0
  resolution: "btoa-lite@npm:1.0.0"
  checksum: c2d61993b801f8e35a96f20692a45459c753d9baa29d86d1343e714f8d6bbe7069f1a20a5ae868488f3fb137d5bd0c560f6fbbc90b5a71050919d2d2c97c0475
  languageName: node
  linkType: hard

"buffer-equal-constant-time@npm:1.0.1":
  version: 1.0.1
  resolution: "buffer-equal-constant-time@npm:1.0.1"
  checksum: 80bb945f5d782a56f374b292770901065bad21420e34936ecbe949e57724b4a13874f735850dd1cc61f078773c4fb5493a41391e7bda40d1fa388d6bd80daaab
  languageName: node
  linkType: hard

"chalk@npm:^2.3.0":
  version: 2.4.2
  resolution: "chalk@npm:2.4.2"
  dependencies:
    ansi-styles: ^3.2.1
    escape-string-regexp: ^1.0.5
    supports-color: ^5.3.0
  checksum: ec3661d38fe77f681200f878edbd9448821924e0f93a9cefc0e26a33b145f1027a2084bf19967160d11e1f03bfe4eaffcabf5493b89098b2782c3fe0b03d80c2
  languageName: node
  linkType: hard

"color-convert@npm:^1.9.0":
  version: 1.9.3
  resolution: "color-convert@npm:1.9.3"
  dependencies:
    color-name: 1.1.3
  checksum: fd7a64a17cde98fb923b1dd05c5f2e6f7aefda1b60d67e8d449f9328b4e53b228a428fd38bfeaeb2db2ff6b6503a776a996150b80cdf224062af08a5c8a3a203
  languageName: node
  linkType: hard

"color-name@npm:1.1.3":
  version: 1.1.3
  resolution: "color-name@npm:1.1.3"
  checksum: 09c5d3e33d2105850153b14466501f2bfb30324a2f76568a408763a3b7433b0e50e5b4ab1947868e65cb101bb7cb75029553f2c333b6d4b8138a73fcc133d69d
  languageName: node
  linkType: hard

"colors@npm:^1.1.2":
  version: 1.4.0
  resolution: "colors@npm:1.4.0"
  checksum: 98aa2c2418ad87dedf25d781be69dc5fc5908e279d9d30c34d8b702e586a0474605b3a189511482b9d5ed0d20c867515d22749537f7bc546256c6014f3ebdcec
  languageName: node
  linkType: hard

"combined-stream@npm:^1.0.6":
  version: 1.0.8
  resolution: "combined-stream@npm:1.0.8"
  dependencies:
    delayed-stream: ~1.0.0
  checksum: 49fa4aeb4916567e33ea81d088f6584749fc90c7abec76fd516bf1c5aa5c79f3584b5ba3de6b86d26ddd64bae5329c4c7479343250cfe71c75bb366eae53bb7c
  languageName: node
  linkType: hard

"commander@npm:^2.18.0":
  version: 2.20.3
  resolution: "commander@npm:2.20.3"
  checksum: ab8c07884e42c3a8dbc5dd9592c606176c7eb5c1ca5ff274bcf907039b2c41de3626f684ea75ccf4d361ba004bbaff1f577d5384c155f3871e456bdf27becf9e
  languageName: node
  linkType: hard

"core-js@npm:^2.6.5":
  version: 2.6.12
  resolution: "core-js@npm:2.6.12"
  checksum: 44fa9934a85f8c78d61e0c8b7b22436330471ffe59ec5076fe7f324d6e8cf7f824b14b1c81ca73608b13bdb0fef035bd820989bf059767ad6fa13123bb8bd016
  languageName: node
  linkType: hard

"cross-spawn@npm:^6.0.0":
  version: 6.0.5
  resolution: "cross-spawn@npm:6.0.5"
  dependencies:
    nice-try: ^1.0.4
    path-key: ^2.0.1
    semver: ^5.5.0
    shebang-command: ^1.2.0
    which: ^1.2.9
  checksum: f893bb0d96cd3d5751d04e67145bdddf25f99449531a72e82dcbbd42796bbc8268c1076c6b3ea51d4d455839902804b94bc45dfb37ecbb32ea8e54a6741c3ab9
  languageName: node
  linkType: hard

"danger@npm:^10.7.1":
  version: 10.7.1
  resolution: "danger@npm:10.7.1"
  dependencies:
    "@babel/polyfill": ^7.2.5
    "@octokit/rest": ^16.43.1
    async-retry: 1.2.3
    chalk: ^2.3.0
    commander: ^2.18.0
    debug: ^4.1.1
    fast-json-patch: ^3.0.0-1
    get-stdin: ^6.0.0
    gitlab: ^10.0.1
    http-proxy-agent: ^2.1.0
    https-proxy-agent: ^2.2.1
    hyperlinker: ^1.0.0
    json5: ^2.1.0
    jsonpointer: ^4.0.1
    jsonwebtoken: ^8.4.0
    lodash.find: ^4.6.0
    lodash.includes: ^4.3.0
    lodash.isobject: ^3.0.2
    lodash.keys: ^4.0.8
    lodash.mapvalues: ^4.6.0
    lodash.memoize: ^4.1.2
    memfs-or-file-map-to-github-branch: ^1.1.0
    micromatch: ^4.0.4
    node-cleanup: ^2.1.2
    node-fetch: 2.6.1
    override-require: ^1.1.1
    p-limit: ^2.1.0
    parse-diff: ^0.7.0
    parse-git-config: ^2.0.3
    parse-github-url: ^1.0.2
    parse-link-header: ^1.0.1
    pinpoint: ^1.1.0
    prettyjson: ^1.2.1
    readline-sync: ^1.4.9
    require-from-string: ^2.0.2
    supports-hyperlinks: ^1.0.1
  bin:
    danger: distribution/commands/danger.js
    danger-ci: distribution/commands/danger-ci.js
    danger-init: distribution/commands/danger-init.js
    danger-js: distribution/commands/danger.js
    danger-local: distribution/commands/danger-local.js
    danger-pr: distribution/commands/danger-pr.js
    danger-process: distribution/commands/danger-process.js
    danger-reset-status: distribution/commands/danger-reset-status.js
    danger-runner: distribution/commands/danger-runner.js
  checksum: 708f44ca1f15c6f46f6a1bd8081371b85933768785edcbb2a6ddcc90d4abbe4ac4fe0c61f4eb3c68bc56deda688dfdb9fb3ccdf8c2310fbf45a4494252246d34
  languageName: node
  linkType: hard

"debug@npm:3.1.0":
  version: 3.1.0
  resolution: "debug@npm:3.1.0"
  dependencies:
    ms: 2.0.0
  checksum: 0b52718ab957254a5b3ca07fc34543bc778f358620c206a08452251eb7fc193c3ea3505072acbf4350219c14e2d71ceb7bdaa0d3370aa630b50da790458d08b3
  languageName: node
  linkType: hard

"debug@npm:^3.1.0":
  version: 3.2.7
  resolution: "debug@npm:3.2.7"
  dependencies:
    ms: ^2.1.1
  checksum: b3d8c5940799914d30314b7c3304a43305fd0715581a919dacb8b3176d024a782062368405b47491516d2091d6462d4d11f2f4974a405048094f8bfebfa3071c
  languageName: node
  linkType: hard

"debug@npm:^4.1.1":
  version: 4.3.3
  resolution: "debug@npm:4.3.3"
  dependencies:
    ms: 2.1.2
  peerDependenciesMeta:
    supports-color:
      optional: true
  checksum: 14472d56fe4a94dbcfaa6dbed2dd3849f1d72ba78104a1a328047bb564643ca49df0224c3a17fa63533fd11dd3d4c8636cd861191232a2c6735af00cc2d4de16
  languageName: node
  linkType: hard

"decode-uri-component@npm:^0.2.0":
  version: 0.2.0
  resolution: "decode-uri-component@npm:0.2.0"
  checksum: f3749344ab9305ffcfe4bfe300e2dbb61fc6359e2b736812100a3b1b6db0a5668cba31a05e4b45d4d63dbf1a18dfa354cd3ca5bb3ededddabb8cd293f4404f94
  languageName: node
  linkType: hard

"delayed-stream@npm:~1.0.0":
  version: 1.0.0
  resolution: "delayed-stream@npm:1.0.0"
  checksum: 46fe6e83e2cb1d85ba50bd52803c68be9bd953282fa7096f51fc29edd5d67ff84ff753c51966061e5ba7cb5e47ef6d36a91924eddb7f3f3483b1c560f77a0020
  languageName: node
  linkType: hard

"deprecation@npm:^2.0.0, deprecation@npm:^2.3.1":
  version: 2.3.1
  resolution: "deprecation@npm:2.3.1"
  checksum: f56a05e182c2c195071385455956b0c4106fe14e36245b00c689ceef8e8ab639235176a96977ba7c74afb173317fac2e0ec6ec7a1c6d1e6eaa401c586c714132
  languageName: node
  linkType: hard

"ecdsa-sig-formatter@npm:1.0.11":
  version: 1.0.11
  resolution: "ecdsa-sig-formatter@npm:1.0.11"
  dependencies:
    safe-buffer: ^5.0.1
  checksum: 207f9ab1c2669b8e65540bce29506134613dd5f122cccf1e6a560f4d63f2732d427d938f8481df175505aad94583bcb32c688737bb39a6df0625f903d6d93c03
  languageName: node
  linkType: hard

"end-of-stream@npm:^1.1.0":
  version: 1.4.4
  resolution: "end-of-stream@npm:1.4.4"
  dependencies:
    once: ^1.4.0
  checksum: 530a5a5a1e517e962854a31693dbb5c0b2fc40b46dad2a56a2deec656ca040631124f4795823acc68238147805f8b021abbe221f4afed5ef3c8e8efc2024908b
  languageName: node
  linkType: hard

"es6-promise@npm:^4.0.3":
  version: 4.2.8
  resolution: "es6-promise@npm:4.2.8"
  checksum: 95614a88873611cb9165a85d36afa7268af5c03a378b35ca7bda9508e1d4f1f6f19a788d4bc755b3fd37c8ebba40782018e02034564ff24c9d6fa37e959ad57d
  languageName: node
  linkType: hard

"es6-promisify@npm:^5.0.0":
  version: 5.0.0
  resolution: "es6-promisify@npm:5.0.0"
  dependencies:
    es6-promise: ^4.0.3
  checksum: fbed9d791598831413be84a5374eca8c24800ec71a16c1c528c43a98e2dadfb99331483d83ae6094ddb9b87e6f799a15d1553cebf756047e0865c753bc346b92
  languageName: node
  linkType: hard

"escape-string-regexp@npm:^1.0.5":
  version: 1.0.5
  resolution: "escape-string-regexp@npm:1.0.5"
  checksum: 6092fda75c63b110c706b6a9bfde8a612ad595b628f0bd2147eea1d3406723020810e591effc7db1da91d80a71a737a313567c5abb3813e8d9c71f4aa595b410
  languageName: node
  linkType: hard

"event-target-shim@npm:^5.0.0":
  version: 5.0.1
  resolution: "event-target-shim@npm:5.0.1"
  checksum: 1ffe3bb22a6d51bdeb6bf6f7cf97d2ff4a74b017ad12284cc9e6a279e727dc30a5de6bb613e5596ff4dc3e517841339ad09a7eec44266eccb1aa201a30448166
  languageName: node
  linkType: hard

"execa@npm:^1.0.0":
  version: 1.0.0
  resolution: "execa@npm:1.0.0"
  dependencies:
    cross-spawn: ^6.0.0
    get-stream: ^4.0.0
    is-stream: ^1.1.0
    npm-run-path: ^2.0.0
    p-finally: ^1.0.0
    signal-exit: ^3.0.0
    strip-eof: ^1.0.0
  checksum: ddf1342c1c7d02dd93b41364cd847640f6163350d9439071abf70bf4ceb1b9b2b2e37f54babb1d8dc1df8e0d8def32d0e81e74a2e62c3e1d70c303eb4c306bc4
  languageName: node
  linkType: hard

"expand-tilde@npm:^2.0.2":
  version: 2.0.2
  resolution: "expand-tilde@npm:2.0.2"
  dependencies:
    homedir-polyfill: ^1.0.1
  checksum: 2efe6ed407d229981b1b6ceb552438fbc9e5c7d6a6751ad6ced3e0aa5cf12f0b299da695e90d6c2ac79191b5c53c613e508f7149e4573abfbb540698ddb7301a
  languageName: node
  linkType: hard

"extend-shallow@npm:^2.0.1":
  version: 2.0.1
  resolution: "extend-shallow@npm:2.0.1"
  dependencies:
    is-extendable: ^0.1.0
  checksum: 8fb58d9d7a511f4baf78d383e637bd7d2e80843bd9cd0853649108ea835208fb614da502a553acc30208e1325240bb7cc4a68473021612496bb89725483656d8
  languageName: node
  linkType: hard

"fast-json-patch@npm:^3.0.0-1":
  version: 3.1.0
  resolution: "fast-json-patch@npm:3.1.0"
  checksum: bad25a6121650d5e138fba787f8e8c6c738779a9a84a978513261110632b1450d96b92a7fedd17188ae847cd5a2b0560725b400a0214aefd3c6506e1be36c66e
  languageName: node
  linkType: hard

"fill-range@npm:^7.0.1":
  version: 7.0.1
  resolution: "fill-range@npm:7.0.1"
  dependencies:
    to-regex-range: ^5.0.1
  checksum: cc283f4e65b504259e64fd969bcf4def4eb08d85565e906b7d36516e87819db52029a76b6363d0f02d0d532f0033c9603b9e2d943d56ee3b0d4f7ad3328ff917
  languageName: node
  linkType: hard

"filter-obj@npm:^1.1.0":
  version: 1.1.0
  resolution: "filter-obj@npm:1.1.0"
  checksum: cf2104a7c45ff48e7f505b78a3991c8f7f30f28bd8106ef582721f321f1c6277f7751aacd5d83026cb079d9d5091082f588d14a72e7c5d720ece79118fa61e10
  languageName: node
  linkType: hard

"form-data@npm:^2.5.0":
  version: 2.5.1
  resolution: "form-data@npm:2.5.1"
  dependencies:
    asynckit: ^0.4.0
    combined-stream: ^1.0.6
    mime-types: ^2.1.12
  checksum: 5134ada56cc246b293a1ac7678dba6830000603a3979cf83ff7b2f21f2e3725202237cfb89e32bcb38a1d35727efbd3c3a22e65b42321e8ade8eec01ce755d08
  languageName: node
  linkType: hard

"fs-exists-sync@npm:^0.1.0":
  version: 0.1.0
  resolution: "fs-exists-sync@npm:0.1.0"
  checksum: 850a0d6e4c03a7bd2fd25043f77cd9d6be9c3b48bb99308bcfe9c94f3f92f65f2cd3fa036e13a1b0ba7a46d2e58792f53e578f01d75fbdcd56baeb9eed63b705
  languageName: node
  linkType: hard

"get-stdin@npm:^6.0.0":
  version: 6.0.0
  resolution: "get-stdin@npm:6.0.0"
  checksum: 593f6fb4fff4c8d49ec93a07c430c1edc6bd4fe7e429d222b5da2f367276a98809af9e90467ad88a2d83722ff95b9b35bbaba02b56801421c5e3668173fe12b4
  languageName: node
  linkType: hard

"get-stream@npm:^4.0.0":
  version: 4.1.0
  resolution: "get-stream@npm:4.1.0"
  dependencies:
    pump: ^3.0.0
  checksum: 443e1914170c15bd52ff8ea6eff6dfc6d712b031303e36302d2778e3de2506af9ee964d6124010f7818736dcfde05c04ba7ca6cc26883106e084357a17ae7d73
  languageName: node
  linkType: hard

"git-config-path@npm:^1.0.1":
  version: 1.0.1
  resolution: "git-config-path@npm:1.0.1"
  dependencies:
    extend-shallow: ^2.0.1
    fs-exists-sync: ^0.1.0
    homedir-polyfill: ^1.0.0
  checksum: 13fda02984fa60122cd8ce3f61c63ca427aa41c35a88fe1ba91c508f9245da726d48eaa6a0158acd308b0271759b19dd922d6e8c0b069dc882bf8edc41aecaea
  languageName: node
  linkType: hard

"gitlab@npm:^10.0.1":
  version: 10.2.1
  resolution: "gitlab@npm:10.2.1"
  dependencies:
    form-data: ^2.5.0
    humps: ^2.0.1
    ky: ^0.12.0
    ky-universal: ^0.3.0
    li: ^1.3.0
    query-string: ^6.8.2
    universal-url: ^2.0.0
  checksum: c082c134632b4a53ac1ebdc85dbd2843f66723549f22c4ef42cd57a18483758d8ecde664822f84bd7c7b18ffc0e5619f833359f4eb174d6c0f18bca1ba5dfba0
  languageName: node
  linkType: hard

"has-flag@npm:^2.0.0":
  version: 2.0.0
  resolution: "has-flag@npm:2.0.0"
  checksum: 7d060d142ef6740c79991cb99afe5962b267e6e95538bf8b607026b9b1e7451288927bc8e7b4a9484a8b99935c0af023070f91ee49faef791ecd401dc58b2e8d
  languageName: node
  linkType: hard

"has-flag@npm:^3.0.0":
  version: 3.0.0
  resolution: "has-flag@npm:3.0.0"
  checksum: 4a15638b454bf086c8148979aae044dd6e39d63904cd452d970374fa6a87623423da485dfb814e7be882e05c096a7ccf1ebd48e7e7501d0208d8384ff4dea73b
  languageName: node
  linkType: hard

"hasurl@npm:^1.0.0":
  version: 1.0.0
  resolution: "hasurl@npm:1.0.0"
  checksum: 2ce603c3f2afc3708443af0de582c0eda1b8a0d2d7d6e99698ae0aa3f563baba5aa28fa2bdc6d5834cbea3ebfbf8ad45cb975cc58d9d3b499b1c5f69a071bf95
  languageName: node
  linkType: hard

"homedir-polyfill@npm:^1.0.0, homedir-polyfill@npm:^1.0.1":
  version: 1.0.3
  resolution: "homedir-polyfill@npm:1.0.3"
  dependencies:
    parse-passwd: ^1.0.0
  checksum: 18dd4db87052c6a2179d1813adea0c4bfcfa4f9996f0e226fefb29eb3d548e564350fa28ec46b0bf1fbc0a1d2d6922ceceb80093115ea45ff8842a4990139250
  languageName: node
  linkType: hard

"http-proxy-agent@npm:^2.1.0":
  version: 2.1.0
  resolution: "http-proxy-agent@npm:2.1.0"
  dependencies:
    agent-base: 4
    debug: 3.1.0
  checksum: 9b3ab4c794b123fcb424e09d9c743c1e3b4ee8f278634a959c118731e3543fa5c7dfe588a428df6c352479b5f8a6dbdf7b122290f8bb2268f349759ab078fc31
  languageName: node
  linkType: hard

"https-proxy-agent@npm:^2.2.1":
  version: 2.2.4
  resolution: "https-proxy-agent@npm:2.2.4"
  dependencies:
    agent-base: ^4.3.0
    debug: ^3.1.0
  checksum: 5fa8eab256b117a8badb5747bedf8b3a9de1fbabdccb26ff3132385426fdc3ad3c8b092ce52a1b74c70229b971df623f4f5a0c17f78e6a8fe5d10fc65d6ed8b8
  languageName: node
  linkType: hard

"humps@npm:^2.0.1":
  version: 2.0.1
  resolution: "humps@npm:2.0.1"
  checksum: 7d5a674cfca2f34c04562f6fd0d129b4c43a5caf85fcc1c9eacf5d0729554c9375db362c4232519b37369c94dd2560d85f96ad4091a8fbf4af4e625ab5214a30
  languageName: node
  linkType: hard

"hyperlinker@npm:^1.0.0":
  version: 1.0.0
  resolution: "hyperlinker@npm:1.0.0"
  checksum: f6d020ac552e9d048668206c805a737262b4c395546c773cceea3bc45252c46b4fa6eeb67c5896499dad00d21cb2f20f89fdd480a4529cfa3d012da2957162f9
  languageName: node
  linkType: hard

"ini@npm:^1.3.5":
  version: 1.3.8
  resolution: "ini@npm:1.3.8"
  checksum: dfd98b0ca3a4fc1e323e38a6c8eb8936e31a97a918d3b377649ea15bdb15d481207a0dda1021efbd86b464cae29a0d33c1d7dcaf6c5672bee17fa849bc50a1b3
  languageName: node
  linkType: hard

"is-extendable@npm:^0.1.0":
  version: 0.1.1
  resolution: "is-extendable@npm:0.1.1"
  checksum: 3875571d20a7563772ecc7a5f36cb03167e9be31ad259041b4a8f73f33f885441f778cee1f1fe0085eb4bc71679b9d8c923690003a36a6a5fdf8023e6e3f0672
  languageName: node
  linkType: hard

"is-number@npm:^7.0.0":
  version: 7.0.0
  resolution: "is-number@npm:7.0.0"
  checksum: 456ac6f8e0f3111ed34668a624e45315201dff921e5ac181f8ec24923b99e9f32ca1a194912dc79d539c97d33dba17dc635202ff0b2cf98326f608323276d27a
  languageName: node
  linkType: hard

"is-plain-object@npm:^5.0.0":
  version: 5.0.0
  resolution: "is-plain-object@npm:5.0.0"
  checksum: e32d27061eef62c0847d303125440a38660517e586f2f3db7c9d179ae5b6674ab0f469d519b2e25c147a1a3bc87156d0d5f4d8821e0ce4a9ee7fe1fcf11ce45c
  languageName: node
  linkType: hard

"is-stream@npm:^1.1.0":
  version: 1.1.0
  resolution: "is-stream@npm:1.1.0"
  checksum: 063c6bec9d5647aa6d42108d4c59723d2bd4ae42135a2d4db6eadbd49b7ea05b750fd69d279e5c7c45cf9da753ad2c00d8978be354d65aa9f6bb434969c6a2ae
  languageName: node
  linkType: hard

"isexe@npm:^2.0.0":
  version: 2.0.0
  resolution: "isexe@npm:2.0.0"
  checksum: 26bf6c5480dda5161c820c5b5c751ae1e766c587b1f951ea3fcfc973bafb7831ae5b54a31a69bd670220e42e99ec154475025a468eae58ea262f813fdc8d1c62
  languageName: node
  linkType: hard

"json5@npm:^2.1.0":
  version: 2.2.0
  resolution: "json5@npm:2.2.0"
  dependencies:
    minimist: ^1.2.5
  bin:
    json5: lib/cli.js
  checksum: e88fc5274bb58fc99547baa777886b069d2dd96d9cfc4490b305fd16d711dabd5979e35a4f90873cefbeb552e216b041a304fe56702bedba76e19bc7845f208d
  languageName: node
  linkType: hard

"jsonpointer@npm:^4.0.1":
  version: 4.1.0
  resolution: "jsonpointer@npm:4.1.0"
  checksum: ffc3e8937380989934676b339718d3213ecf5f6b7ce637b1ce5669a22f45dc61a86463e28abbe8c743d62f87ae790253c50cce0f586cb8e7623a21a7f811a444
  languageName: node
  linkType: hard

"jsonwebtoken@npm:^8.4.0":
  version: 8.5.1
  resolution: "jsonwebtoken@npm:8.5.1"
  dependencies:
    jws: ^3.2.2
    lodash.includes: ^4.3.0
    lodash.isboolean: ^3.0.3
    lodash.isinteger: ^4.0.4
    lodash.isnumber: ^3.0.3
    lodash.isplainobject: ^4.0.6
    lodash.isstring: ^4.0.1
    lodash.once: ^4.0.0
    ms: ^2.1.1
    semver: ^5.6.0
  checksum: 93c9e3f23c59b758ac88ba15f4e4753b3749dfce7a6f7c40fb86663128a1e282db085eec852d4e0cbca4cefdcd3a8275ee255dbd08fcad0df26ad9f6e4cc853a
  languageName: node
  linkType: hard

"jwa@npm:^1.4.1":
  version: 1.4.1
  resolution: "jwa@npm:1.4.1"
  dependencies:
    buffer-equal-constant-time: 1.0.1
    ecdsa-sig-formatter: 1.0.11
    safe-buffer: ^5.0.1
  checksum: ff30ea7c2dcc61f3ed2098d868bf89d43701605090c5b21b5544b512843ec6fd9e028381a4dda466cbcdb885c2d1150f7c62e7168394ee07941b4098e1035e2f
  languageName: node
  linkType: hard

"jws@npm:^3.2.2":
  version: 3.2.2
  resolution: "jws@npm:3.2.2"
  dependencies:
    jwa: ^1.4.1
    safe-buffer: ^5.0.1
  checksum: f0213fe5b79344c56cd443428d8f65c16bf842dc8cb8f5aed693e1e91d79c20741663ad6eff07a6d2c433d1831acc9814e8d7bada6a0471fbb91d09ceb2bf5c2
  languageName: node
  linkType: hard

"ky-universal@npm:^0.3.0":
  version: 0.3.0
  resolution: "ky-universal@npm:0.3.0"
  dependencies:
    abort-controller: ^3.0.0
    node-fetch: ^2.6.0
  peerDependencies:
    ky: ">=0.12.0"
  checksum: 9431d35cafca751528c70352bcfcd495a9a1638f7814fe9c7af76824cd05cc8421f663c969054c7e9f35a0e4b7ac91117eece5a030577c15bcc32a12bd5a09ca
  languageName: node
  linkType: hard

"ky@npm:^0.12.0":
  version: 0.12.0
  resolution: "ky@npm:0.12.0"
  checksum: 9aff565d48daa36024e9518d7007b3e5db1125c916c34c5965c89e195e9e5fa4512430b53fb7205ac9ad26b60fa5eba0b181e425830f7648114bcfdd6afcd2b2
  languageName: node
  linkType: hard

"li@npm:^1.3.0":
  version: 1.3.0
  resolution: "li@npm:1.3.0"
  checksum: 44056b8278771cc11c93a9622860554e34181a7c3789b6bf57b2f9a5ccb02fadc169d211c3f360615a790f3bd54bfc5618c5615ffce3a8e68e515b5bea4bede4
  languageName: node
  linkType: hard

"lodash.find@npm:^4.6.0":
  version: 4.6.0
  resolution: "lodash.find@npm:4.6.0"
  checksum: b737f849a4fe36f5c3664ea636780dda2fde18335021faf80cdfdcb300ed75441da6f55cfd6de119092d8bb2ddbc4433f4a8de4b99c0b9c8640465b0901c717c
  languageName: node
  linkType: hard

"lodash.get@npm:^4.4.2":
  version: 4.4.2
  resolution: "lodash.get@npm:4.4.2"
  checksum: e403047ddb03181c9d0e92df9556570e2b67e0f0a930fcbbbd779370972368f5568e914f913e93f3b08f6d492abc71e14d4e9b7a18916c31fa04bd2306efe545
  languageName: node
  linkType: hard

"lodash.includes@npm:^4.3.0":
  version: 4.3.0
  resolution: "lodash.includes@npm:4.3.0"
  checksum: 71092c130515a67ab3bd928f57f6018434797c94def7f46aafa417771e455ce3a4834889f4267b17887d7f75297dfabd96231bf704fd2b8c5096dc4a913568b6
  languageName: node
  linkType: hard

"lodash.isboolean@npm:^3.0.3":
  version: 3.0.3
  resolution: "lodash.isboolean@npm:3.0.3"
  checksum: b70068b4a8b8837912b54052557b21fc4774174e3512ed3c5b94621e5aff5eb6c68089d0a386b7e801d679cd105d2e35417978a5e99071750aa2ed90bffd0250
  languageName: node
  linkType: hard

"lodash.isinteger@npm:^4.0.4":
  version: 4.0.4
  resolution: "lodash.isinteger@npm:4.0.4"
  checksum: 6034821b3fc61a2ffc34e7d5644bb50c5fd8f1c0121c554c21ac271911ee0c0502274852845005f8651d51e199ee2e0cfebfe40aaa49c7fe617f603a8a0b1691
  languageName: node
  linkType: hard

"lodash.isnumber@npm:^3.0.3":
  version: 3.0.3
  resolution: "lodash.isnumber@npm:3.0.3"
  checksum: 913784275b565346255e6ae6a6e30b760a0da70abc29f3e1f409081585875105138cda4a429ff02577e1bc0a7ae2a90e0a3079a37f3a04c3d6c5aaa532f4cab2
  languageName: node
  linkType: hard

"lodash.isobject@npm:^3.0.2":
  version: 3.0.2
  resolution: "lodash.isobject@npm:3.0.2"
  checksum: 6c1667cbc4494d0a13a3617a4b23278d6d02dac520311f2bbb43f16f2cf71d2e6eb9dec8057315b77459df4890c756a256a087d3f4baa44a79ab5d6c968b060e
  languageName: node
  linkType: hard

"lodash.isplainobject@npm:^4.0.6":
  version: 4.0.6
  resolution: "lodash.isplainobject@npm:4.0.6"
  checksum: 29c6351f281e0d9a1d58f1a4c8f4400924b4c79f18dfc4613624d7d54784df07efaff97c1ff2659f3e085ecf4fff493300adc4837553104cef2634110b0d5337
  languageName: node
  linkType: hard

"lodash.isstring@npm:^4.0.1":
  version: 4.0.1
  resolution: "lodash.isstring@npm:4.0.1"
  checksum: eaac87ae9636848af08021083d796e2eea3d02e80082ab8a9955309569cb3a463ce97fd281d7dc119e402b2e7d8c54a23914b15d2fc7fff56461511dc8937ba0
  languageName: node
  linkType: hard

"lodash.keys@npm:^4.0.8":
  version: 4.2.0
  resolution: "lodash.keys@npm:4.2.0"
  checksum: 055576c8c4a0bacc0c1da9bcbb520e6e70dcf94c609495263686c62c8242a440293e9ab8387a7398dda529cb05b76e8f783c3fd3d6ba7bc6d5d6d2e08e8512ae
  languageName: node
  linkType: hard

"lodash.mapvalues@npm:^4.6.0":
  version: 4.6.0
  resolution: "lodash.mapvalues@npm:4.6.0"
  checksum: 0ff1b252fda318fc36e47c296984925e98fbb0fc5a2ecc4ef458f3c739a9476d47e40c95ac653e8314d132aa59c746d4276527b99d6e271940555c6e12d2babd
  languageName: node
  linkType: hard

"lodash.memoize@npm:^4.1.2":
  version: 4.1.2
  resolution: "lodash.memoize@npm:4.1.2"
  checksum: 9ff3942feeccffa4f1fafa88d32f0d24fdc62fd15ded5a74a5f950ff5f0c6f61916157246744c620173dddf38d37095a92327d5fd3861e2063e736a5c207d089
  languageName: node
  linkType: hard

"lodash.once@npm:^4.0.0":
  version: 4.1.1
  resolution: "lodash.once@npm:4.1.1"
  checksum: d768fa9f9b4e1dc6453be99b753906f58990e0c45e7b2ca5a3b40a33111e5d17f6edf2f768786e2716af90a8e78f8f91431ab8435f761fef00f9b0c256f6d245
  languageName: node
  linkType: hard

"lodash.set@npm:^4.3.2":
  version: 4.3.2
  resolution: "lodash.set@npm:4.3.2"
  checksum: a9122f49eef9f2d0fc9061a33d87f8e5b8c6b23d46e8b9e9ce1529d3588d79741bd1145a3abdfa3b13082703e65af27ff18d8a07bfc22b9be32f3fc36f763f70
  languageName: node
  linkType: hard

"lodash.sortby@npm:^4.7.0":
  version: 4.7.0
  resolution: "lodash.sortby@npm:4.7.0"
  checksum: db170c9396d29d11fe9a9f25668c4993e0c1331bcb941ddbd48fb76f492e732add7f2a47cfdf8e9d740fa59ac41bbfaf931d268bc72aab3ab49e9f89354d718c
  languageName: node
  linkType: hard

"lodash.uniq@npm:^4.5.0":
  version: 4.5.0
  resolution: "lodash.uniq@npm:4.5.0"
  checksum: a4779b57a8d0f3c441af13d9afe7ecff22dd1b8ce1129849f71d9bbc8e8ee4e46dfb4b7c28f7ad3d67481edd6e51126e4e2a6ee276e25906d10f7140187c392d
  languageName: node
  linkType: hard

"macos-release@npm:^2.2.0":
  version: 2.5.0
  resolution: "macos-release@npm:2.5.0"
  checksum: 57379ba354449898ceca91ca8f1ae4d0b2c45671e8a5200d29054a77b462a0319eb3dcb8a8b6bbe2257079cf682550abcfd8a6214a60ac78e4a71c007df1fc85
  languageName: node
  linkType: hard

"memfs-or-file-map-to-github-branch@npm:^1.1.0":
  version: 1.2.0
  resolution: "memfs-or-file-map-to-github-branch@npm:1.2.0"
  dependencies:
    "@octokit/rest": ^16.43.1
  checksum: c38a3a63654d7fbc86acbf8a7eadecddb440521b3b346da3772e965482bee18f98f2ebe175ce824e2bcc3a66945d3c7ef76cbcd89e286aade00d09e518b37b06
  languageName: node
  linkType: hard

"micromatch@npm:^4.0.4":
  version: 4.0.4
  resolution: "micromatch@npm:4.0.4"
  dependencies:
    braces: ^3.0.1
    picomatch: ^2.2.3
  checksum: ef3d1c88e79e0a68b0e94a03137676f3324ac18a908c245a9e5936f838079fcc108ac7170a5fadc265a9c2596963462e402841406bda1a4bb7b68805601d631c
  languageName: node
  linkType: hard

"mime-db@npm:1.51.0":
  version: 1.51.0
  resolution: "mime-db@npm:1.51.0"
  checksum: 613b1ac9d6e725cc24444600b124a7f1ce6c60b1baa654f39a3e260d0995a6dffc5693190217e271af7e2a5612dae19f2a73f3e316707d797a7391165f7ef423
  languageName: node
  linkType: hard

"mime-types@npm:^2.1.12":
  version: 2.1.34
  resolution: "mime-types@npm:2.1.34"
  dependencies:
    mime-db: 1.51.0
  checksum: 67013de9e9d6799bde6d669d18785b7e18bcd212e710d3e04a4727f92f67a8ad4e74aee24be28b685adb794944814bde649119b58ee3282ffdbee58f9278d9f3
  languageName: node
  linkType: hard

"minimist@npm:^1.2.0, minimist@npm:^1.2.5":
  version: 1.2.5
  resolution: "minimist@npm:1.2.5"
  checksum: 86706ce5b36c16bfc35c5fe3dbb01d5acdc9a22f2b6cc810b6680656a1d2c0e44a0159c9a3ba51fb072bb5c203e49e10b51dcd0eec39c481f4c42086719bae52
  languageName: node
  linkType: hard

"ms@npm:2.0.0":
  version: 2.0.0
  resolution: "ms@npm:2.0.0"
  checksum: 0e6a22b8b746d2e0b65a430519934fefd41b6db0682e3477c10f60c76e947c4c0ad06f63ffdf1d78d335f83edee8c0aa928aa66a36c7cd95b69b26f468d527f4
  languageName: node
  linkType: hard

"ms@npm:2.1.2":
  version: 2.1.2
  resolution: "ms@npm:2.1.2"
  checksum: 673cdb2c3133eb050c745908d8ce632ed2c02d85640e2edb3ace856a2266a813b30c613569bf3354fdf4ea7d1a1494add3bfa95e2713baa27d0c2c71fc44f58f
  languageName: node
  linkType: hard

"ms@npm:^2.1.1":
  version: 2.1.3
  resolution: "ms@npm:2.1.3"
  checksum: aa92de608021b242401676e35cfa5aa42dd70cbdc082b916da7fb925c542173e36bce97ea3e804923fe92c0ad991434e4a38327e15a1b5b5f945d66df615ae6d
  languageName: node
  linkType: hard

"nice-try@npm:^1.0.4":
  version: 1.0.5
  resolution: "nice-try@npm:1.0.5"
  checksum: 0b4af3b5bb5d86c289f7a026303d192a7eb4417231fe47245c460baeabae7277bcd8fd9c728fb6bd62c30b3e15cd6620373e2cf33353b095d8b403d3e8a15aff
  languageName: node
  linkType: hard

"node-cleanup@npm:^2.1.2":
  version: 2.1.2
  resolution: "node-cleanup@npm:2.1.2"
  checksum: 584cdc3e42560a998b4579f91ed8f936b27011628f3102e5a1093205f0691cdf8d899287d1f2e4d2071ea4ab1d615810bad6dbe2b988ef173a1cbaa76d8165b3
  languageName: node
  linkType: hard

"node-fetch@npm:2.6.1":
  version: 2.6.1
  resolution: "node-fetch@npm:2.6.1"
  checksum: 91075bedd57879117e310fbcc36983ad5d699e522edb1ebcdc4ee5294c982843982652925c3532729fdc86b2d64a8a827797a745f332040d91823c8752ee4d7c
  languageName: node
  linkType: hard

"node-fetch@npm:^2.6.0, node-fetch@npm:^2.6.1":
  version: 2.6.6
  resolution: "node-fetch@npm:2.6.6"
  dependencies:
    whatwg-url: ^5.0.0
  checksum: ee8290626bdb73629c59722b75dcf4b9b6a67c1ed7eb9102e368479c4a13b56a48c2bb3ad71571e378e98c8b2c64c820e11f9cd39e4b8557dd138ad571ef9a42
  languageName: node
  linkType: hard

"npm-run-path@npm:^2.0.0":
  version: 2.0.2
  resolution: "npm-run-path@npm:2.0.2"
  dependencies:
    path-key: ^2.0.0
  checksum: acd5ad81648ba4588ba5a8effb1d98d2b339d31be16826a118d50f182a134ac523172101b82eab1d01cb4c2ba358e857d54cfafd8163a1ffe7bd52100b741125
  languageName: node
  linkType: hard

"octokit-pagination-methods@npm:^1.1.0":
  version: 1.1.0
  resolution: "octokit-pagination-methods@npm:1.1.0"
  checksum: 1fb85baa6b7ce2b8e738139a806b863de80f1e9fffe30283f880a2b257cfda144c79000b61ab2b05a742818fdc3a13865a704a29b59f9a86e2498f5a9249f72f
  languageName: node
  linkType: hard

"once@npm:^1.3.1, once@npm:^1.4.0":
  version: 1.4.0
  resolution: "once@npm:1.4.0"
  dependencies:
    wrappy: 1
  checksum: cd0a88501333edd640d95f0d2700fbde6bff20b3d4d9bdc521bdd31af0656b5706570d6c6afe532045a20bb8dc0849f8332d6f2a416e0ba6d3d3b98806c7db68
  languageName: node
  linkType: hard

"os-name@npm:^3.1.0":
  version: 3.1.0
  resolution: "os-name@npm:3.1.0"
  dependencies:
    macos-release: ^2.2.0
    windows-release: ^3.1.0
  checksum: 91448fcb2111c974c254067590bdde13ef32d247cbf3ed61af56853c2662a01fe0f5a4192752ce40b1bc3fa968c2d0a1241b6e33e961b2c9ec2268db8a29791b
  languageName: node
  linkType: hard

"override-require@npm:^1.1.1":
  version: 1.1.1
  resolution: "override-require@npm:1.1.1"
  checksum: 02978916308a07265034eb5252454b044288bacd8354a8dff433b4aba3c726ac7352230f6430176a44e1180deae43c1ae324646a9c36e5a9b058ff6076eecfd2
  languageName: node
  linkType: hard

"p-finally@npm:^1.0.0":
  version: 1.0.0
  resolution: "p-finally@npm:1.0.0"
  checksum: 93a654c53dc805dd5b5891bab16eb0ea46db8f66c4bfd99336ae929323b1af2b70a8b0654f8f1eae924b2b73d037031366d645f1fd18b3d30cbd15950cc4b1d4
  languageName: node
  linkType: hard

"p-limit@npm:^2.1.0":
  version: 2.3.0
  resolution: "p-limit@npm:2.3.0"
  dependencies:
    p-try: ^2.0.0
  checksum: 84ff17f1a38126c3314e91ecfe56aecbf36430940e2873dadaa773ffe072dc23b7af8e46d4b6485d302a11673fe94c6b67ca2cfbb60c989848b02100d0594ac1
  languageName: node
  linkType: hard

"p-try@npm:^2.0.0":
  version: 2.2.0
  resolution: "p-try@npm:2.2.0"
  checksum: f8a8e9a7693659383f06aec604ad5ead237c7a261c18048a6e1b5b85a5f8a067e469aa24f5bc009b991ea3b058a87f5065ef4176793a200d4917349881216cae
  languageName: node
  linkType: hard

"parse-diff@npm:^0.7.0":
  version: 0.7.1
  resolution: "parse-diff@npm:0.7.1"
  checksum: 937fab2cca7760178814a23c512cc7fcdd63c0eb1f28adc816a1eb0b59bf0b88c8d0ec4bd221db0cc0c30e0b51ea271a355b03b61abd2cbe79515ae298e7b440
  languageName: node
  linkType: hard

"parse-git-config@npm:^2.0.3":
  version: 2.0.3
  resolution: "parse-git-config@npm:2.0.3"
  dependencies:
    expand-tilde: ^2.0.2
    git-config-path: ^1.0.1
    ini: ^1.3.5
  checksum: 360ca1f52ebc5dbbc31276a175919e97f06a16c07dd5bbe5e58eb79ed38d4f8e6468b320b255e184e29306ef7796f69a4a5e010a90705723cd265487ce4a4fe7
  languageName: node
  linkType: hard

"parse-github-url@npm:^1.0.2":
  version: 1.0.2
  resolution: "parse-github-url@npm:1.0.2"
  bin:
    parse-github-url: ./cli.js
  checksum: a19b8bc6f8908a24cb63a10ff90cd39cec0745615a272ec686803684653be34eb3e638e31a66c8ee3a9568082ff686eaf010181688000a6274c86a23e9220f2f
  languageName: node
  linkType: hard

"parse-link-header@npm:^1.0.1":
  version: 1.0.1
  resolution: "parse-link-header@npm:1.0.1"
  dependencies:
    xtend: ~4.0.1
  checksum: daccaf9168b4117dcbf9488360a4d855348062b537431aac01e5fa158038b958130186dd711d331b2d7690c3baae4ddc2bc0b1bd45685413cc2ed3cf4dca5f0c
  languageName: node
  linkType: hard

"parse-passwd@npm:^1.0.0":
  version: 1.0.0
  resolution: "parse-passwd@npm:1.0.0"
  checksum: 4e55e0231d58f828a41d0f1da2bf2ff7bcef8f4cb6146e69d16ce499190de58b06199e6bd9b17fbf0d4d8aef9052099cdf8c4f13a6294b1a522e8e958073066e
  languageName: node
  linkType: hard

"path-key@npm:^2.0.0, path-key@npm:^2.0.1":
  version: 2.0.1
  resolution: "path-key@npm:2.0.1"
  checksum: f7ab0ad42fe3fb8c7f11d0c4f849871e28fbd8e1add65c370e422512fc5887097b9cf34d09c1747d45c942a8c1e26468d6356e2df3f740bf177ab8ca7301ebfd
  languageName: node
  linkType: hard

"picomatch@npm:^2.2.3":
  version: 2.3.1
  resolution: "picomatch@npm:2.3.1"
  checksum: 050c865ce81119c4822c45d3c84f1ced46f93a0126febae20737bd05ca20589c564d6e9226977df859ed5e03dc73f02584a2b0faad36e896936238238b0446cf
  languageName: node
  linkType: hard

"pinpoint@npm:^1.1.0":
  version: 1.1.0
  resolution: "pinpoint@npm:1.1.0"
  checksum: 6199e13269796fea5b0da39df86dc815e14adc20081b533150be8cabaabc64f0581506288c379b96df2095c015fe28d012e2386a14759e1372a1bafcc05a1746
  languageName: node
  linkType: hard

"prettyjson@npm:^1.2.1":
  version: 1.2.1
  resolution: "prettyjson@npm:1.2.1"
  dependencies:
    colors: ^1.1.2
    minimist: ^1.2.0
  bin:
    prettyjson: ./bin/prettyjson
  checksum: 4786cf7cb74ddc2293eaf67587a5f21cee6aa6111a53c0b8ec8d5b77fe5d006b6ca09d2c72d52467772c86130fa95c1acfd3bfab0da0a854b8977ff7db04ebf2
  languageName: node
  linkType: hard

"pump@npm:^3.0.0":
  version: 3.0.0
  resolution: "pump@npm:3.0.0"
  dependencies:
    end-of-stream: ^1.1.0
    once: ^1.3.1
  checksum: e42e9229fba14732593a718b04cb5e1cfef8254544870997e0ecd9732b189a48e1256e4e5478148ecb47c8511dca2b09eae56b4d0aad8009e6fac8072923cfc9
  languageName: node
  linkType: hard

"punycode@npm:^2.1.0":
  version: 2.1.1
  resolution: "punycode@npm:2.1.1"
  checksum: 823bf443c6dd14f669984dea25757b37993f67e8d94698996064035edd43bed8a5a17a9f12e439c2b35df1078c6bec05a6c86e336209eb1061e8025c481168e8
  languageName: node
  linkType: hard

"query-string@npm:^6.8.2":
  version: 6.14.1
  resolution: "query-string@npm:6.14.1"
  dependencies:
    decode-uri-component: ^0.2.0
    filter-obj: ^1.1.0
    split-on-first: ^1.0.0
    strict-uri-encode: ^2.0.0
  checksum: f2c7347578fa0f3fd4eaace506470cb4e9dc52d409a7ddbd613f614b9a594d750877e193b5d5e843c7477b3b295b857ec328903c943957adc41a3efb6c929449
  languageName: node
  linkType: hard

"readline-sync@npm:^1.4.9":
  version: 1.4.10
  resolution: "readline-sync@npm:1.4.10"
  checksum: 4dbd8925af028dc4cb1bb813f51ca3479035199aa5224886b560eec8e768ab27d7ebf11d69a67ed93d5a130b7c994f0bdb77796326e563cf928bbfd560e3747e
  languageName: node
  linkType: hard

"regenerator-runtime@npm:^0.13.4":
  version: 0.13.9
  resolution: "regenerator-runtime@npm:0.13.9"
  checksum: 65ed455fe5afd799e2897baf691ca21c2772e1a969d19bb0c4695757c2d96249eb74ee3553ea34a91062b2a676beedf630b4c1551cc6299afb937be1426ec55e
  languageName: node
  linkType: hard

"require-from-string@npm:^2.0.2":
  version: 2.0.2
  resolution: "require-from-string@npm:2.0.2"
  checksum: a03ef6895445f33a4015300c426699bc66b2b044ba7b670aa238610381b56d3f07c686251740d575e22f4c87531ba662d06937508f0f3c0f1ddc04db3130560b
  languageName: node
  linkType: hard

"retry@npm:0.12.0":
  version: 0.12.0
  resolution: "retry@npm:0.12.0"
  checksum: 623bd7d2e5119467ba66202d733ec3c2e2e26568074923bc0585b6b99db14f357e79bdedb63cab56cec47491c4a0da7e6021a7465ca6dc4f481d3898fdd3158c
  languageName: node
  linkType: hard

"safe-buffer@npm:^5.0.1":
  version: 5.2.1
  resolution: "safe-buffer@npm:5.2.1"
  checksum: b99c4b41fdd67a6aaf280fcd05e9ffb0813654894223afb78a31f14a19ad220bba8aba1cb14eddce1fcfb037155fe6de4e861784eb434f7d11ed58d1e70dd491
  languageName: node
  linkType: hard

"semver@npm:^5.5.0, semver@npm:^5.6.0":
  version: 5.7.1
  resolution: "semver@npm:5.7.1"
  bin:
    semver: ./bin/semver
  checksum: 57fd0acfd0bac382ee87cd52cd0aaa5af086a7dc8d60379dfe65fea491fb2489b6016400813930ecd61fd0952dae75c115287a1b16c234b1550887117744dfaf
  languageName: node
  linkType: hard

"shebang-command@npm:^1.2.0":
  version: 1.2.0
  resolution: "shebang-command@npm:1.2.0"
  dependencies:
    shebang-regex: ^1.0.0
  checksum: 9eed1750301e622961ba5d588af2212505e96770ec376a37ab678f965795e995ade7ed44910f5d3d3cb5e10165a1847f52d3348c64e146b8be922f7707958908
  languageName: node
  linkType: hard

"shebang-regex@npm:^1.0.0":
  version: 1.0.0
  resolution: "shebang-regex@npm:1.0.0"
  checksum: 404c5a752cd40f94591dfd9346da40a735a05139dac890ffc229afba610854d8799aaa52f87f7e0c94c5007f2c6af55bdcaeb584b56691926c5eaf41dc8f1372
  languageName: node
  linkType: hard

"signal-exit@npm:^3.0.0":
  version: 3.0.6
  resolution: "signal-exit@npm:3.0.6"
  checksum: b819ac81ba757af559dad0804233ae31bf6f054591cd8a671e9cbcf09f21c72ec3076fe87d1e04861f5b33b47d63f0694b568de99c99cd733ee2060515beb6d5
  languageName: node
  linkType: hard

"split-on-first@npm:^1.0.0":
  version: 1.1.0
  resolution: "split-on-first@npm:1.1.0"
  checksum: 16ff85b54ddcf17f9147210a4022529b343edbcbea4ce977c8f30e38408b8d6e0f25f92cd35b86a524d4797f455e29ab89eb8db787f3c10708e0b47ebf528d30
  languageName: node
  linkType: hard

"strict-uri-encode@npm:^2.0.0":
  version: 2.0.0
  resolution: "strict-uri-encode@npm:2.0.0"
  checksum: eaac4cf978b6fbd480f1092cab8b233c9b949bcabfc9b598dd79a758f7243c28765ef7639c876fa72940dac687181b35486ea01ff7df3e65ce3848c64822c581
  languageName: node
  linkType: hard

"strip-eof@npm:^1.0.0":
  version: 1.0.0
  resolution: "strip-eof@npm:1.0.0"
  checksum: 40bc8ddd7e072f8ba0c2d6d05267b4e0a4800898c3435b5fb5f5a21e6e47dfaff18467e7aa0d1844bb5d6274c3097246595841fbfeb317e541974ee992cac506
  languageName: node
  linkType: hard

"supports-color@npm:^5.0.0, supports-color@npm:^5.3.0":
  version: 5.5.0
  resolution: "supports-color@npm:5.5.0"
  dependencies:
    has-flag: ^3.0.0
  checksum: 95f6f4ba5afdf92f495b5a912d4abee8dcba766ae719b975c56c084f5004845f6f5a5f7769f52d53f40e21952a6d87411bafe34af4a01e65f9926002e38e1dac
  languageName: node
  linkType: hard

"supports-hyperlinks@npm:^1.0.1":
  version: 1.0.1
  resolution: "supports-hyperlinks@npm:1.0.1"
  dependencies:
    has-flag: ^2.0.0
    supports-color: ^5.0.0
  checksum: 3d6d142012b5b47709476544a0980863e81893065c0349e8e2a857ec3ff42a11a26de5faf5dae57c1ef2c09b5d94fb211a3703f8c546fee1a8fd4446df0070ad
  languageName: node
  linkType: hard

"to-regex-range@npm:^5.0.1":
  version: 5.0.1
  resolution: "to-regex-range@npm:5.0.1"
  dependencies:
    is-number: ^7.0.0
  checksum: f76fa01b3d5be85db6a2a143e24df9f60dd047d151062d0ba3df62953f2f697b16fe5dad9b0ac6191c7efc7b1d9dcaa4b768174b7b29da89d4428e64bc0a20ed
  languageName: node
  linkType: hard

"tr46@npm:^1.0.1":
  version: 1.0.1
  resolution: "tr46@npm:1.0.1"
  dependencies:
    punycode: ^2.1.0
  checksum: 96d4ed46bc161db75dbf9247a236ea0bfcaf5758baae6749e92afab0bc5a09cb59af21788ede7e55080f2bf02dce3e4a8f2a484cc45164e29f4b5e68f7cbcc1a
  languageName: node
  linkType: hard

"tr46@npm:~0.0.3":
  version: 0.0.3
  resolution: "tr46@npm:0.0.3"
  checksum: 726321c5eaf41b5002e17ffbd1fb7245999a073e8979085dacd47c4b4e8068ff5777142fc6726d6ca1fd2ff16921b48788b87225cbc57c72636f6efa8efbffe3
  languageName: node
  linkType: hard

"universal-url@npm:^2.0.0":
  version: 2.0.0
  resolution: "universal-url@npm:2.0.0"
  dependencies:
    hasurl: ^1.0.0
    whatwg-url: ^7.0.0
  checksum: 94341c63b268dece0e2803c5546a587371b4888c83cfd7d437d585007f828ea396668c67d0517460e2dadff4981d175698f959a57474bea8764f77581bef089c
  languageName: node
  linkType: hard

"universal-user-agent@npm:^4.0.0":
  version: 4.0.1
  resolution: "universal-user-agent@npm:4.0.1"
  dependencies:
    os-name: ^3.1.0
  checksum: 93fe45938d88aa397d7617070bd9bc80f8ec3dbe37df62526a707e1a8824a02353a9fb5df7b6e7d43b8bedcd2c66ef17354fd2dfdfd1a88c0a8685d1d9e96072
  languageName: node
  linkType: hard

"universal-user-agent@npm:^6.0.0":
  version: 6.0.0
  resolution: "universal-user-agent@npm:6.0.0"
  checksum: 5092bbc80dd0d583cef0b62c17df0043193b74f425112ea6c1f69bc5eda21eeec7a08d8c4f793a277eb2202ffe9b44bec852fa3faff971234cd209874d1b79ef
  languageName: node
  linkType: hard

"webidl-conversions@npm:^3.0.0":
  version: 3.0.1
  resolution: "webidl-conversions@npm:3.0.1"
  checksum: c92a0a6ab95314bde9c32e1d0a6dfac83b578f8fa5f21e675bc2706ed6981bc26b7eb7e6a1fab158e5ce4adf9caa4a0aee49a52505d4d13c7be545f15021b17c
  languageName: node
  linkType: hard

"webidl-conversions@npm:^4.0.2":
  version: 4.0.2
  resolution: "webidl-conversions@npm:4.0.2"
  checksum: c93d8dfe908a0140a4ae9c0ebc87a33805b416a33ee638a605b551523eec94a9632165e54632f6d57a39c5f948c4bab10e0e066525e9a4b87a79f0d04fbca374
  languageName: node
  linkType: hard

"whatwg-url@npm:^5.0.0":
  version: 5.0.0
  resolution: "whatwg-url@npm:5.0.0"
  dependencies:
    tr46: ~0.0.3
    webidl-conversions: ^3.0.0
  checksum: b8daed4ad3356cc4899048a15b2c143a9aed0dfae1f611ebd55073310c7b910f522ad75d727346ad64203d7e6c79ef25eafd465f4d12775ca44b90fa82ed9e2c
  languageName: node
  linkType: hard

"whatwg-url@npm:^7.0.0":
  version: 7.1.0
  resolution: "whatwg-url@npm:7.1.0"
  dependencies:
    lodash.sortby: ^4.7.0
    tr46: ^1.0.1
    webidl-conversions: ^4.0.2
  checksum: fecb07c87290b47d2ec2fb6d6ca26daad3c9e211e0e531dd7566e7ff95b5b3525a57d4f32640ad4adf057717e0c215731db842ad761e61d947e81010e05cf5fd
  languageName: node
  linkType: hard

"which@npm:^1.2.9":
  version: 1.3.1
  resolution: "which@npm:1.3.1"
  dependencies:
    isexe: ^2.0.0
  bin:
    which: ./bin/which
  checksum: f2e185c6242244b8426c9df1510e86629192d93c1a986a7d2a591f2c24869e7ffd03d6dac07ca863b2e4c06f59a4cc9916c585b72ee9fa1aa609d0124df15e04
  languageName: node
  linkType: hard

"windows-release@npm:^3.1.0":
  version: 3.3.3
  resolution: "windows-release@npm:3.3.3"
  dependencies:
    execa: ^1.0.0
  checksum: 879e14b74077e2b63386aba03f70864860f0ba80c8429933705a98515b56a45186a52a4564494e2cb0e5f501171d5ee441e1e409f32413d003e9daa50255b4e2
  languageName: node
  linkType: hard

"wrappy@npm:1":
  version: 1.0.2
  resolution: "wrappy@npm:1.0.2"
  checksum: 159da4805f7e84a3d003d8841557196034155008f817172d4e986bd591f74aa82aa7db55929a54222309e01079a65a92a9e6414da5a6aa4b01ee44a511ac3ee5
  languageName: node
  linkType: hard

"xtend@npm:~4.0.1":
  version: 4.0.2
  resolution: "xtend@npm:4.0.2"
  checksum: ac5dfa738b21f6e7f0dd6e65e1b3155036d68104e67e5d5d1bde74892e327d7e5636a076f625599dc394330a731861e87343ff184b0047fef1360a7ec0a5a36a
  languageName: node
  linkType: hard
